# This file is automatically @generated by Poetry 2.4.1 and should not be changed by hand.

[[package]]
name = "pygame-ce"
version = "2.5.7"
description = "Python Game Development"
optional = false
python-versions = ">=3.10"
groups = ["main"]
files = [
    {file = "pygame_ce-2.5.7-cp310-cp310-macosx_10_11_universal2.whl", hash = "sha256:77d7d27cc46b846c814f1d85366d5af066483917f26433a10a949e74f471dfeb"},
    {file = "pygame_ce-2.5.7-cp310-cp310-manylinux2014_aarch64.manylinux_2_17_aarch64.whl", hash = "sha256:9da68411fd4a1bb50375a40cc0ee5c0f83da51450acda8a87e7a83837670f657"},
    {file = "pygame_ce-2.5.7-cp310-cp310-manylinux2014_i686.manylinux_2_17_i686.whl", hash = "sha256:1f9a60af653f367807dc50059122a5f6cbd1b5de68233306421b0c3218bcc92d"},
    {file = "pygame_ce-2.5.7-cp310-cp310-manylinux2014_x86_64.manylinux_2_17_x86_64.whl", hash = "sha256:322052db99d25f7faca0502e0b2a905eb68c10ec5f7a1fd59803c4175f1d1269"},
    {file = "pygame_ce-2.5.7-cp310-cp310-win32.whl", hash = "sha256:275910c7f26baa7bf52b8e0ebd9301fe968806b9bd777506d6fc17e2bbcf3121"},
    {file = "pygame_ce-2.5.7-cp310-cp310-win_amd64.whl", hash = "sha256:de75f752d6a090839ebdc69b3365478d0f8a98ea02d1eee417a4a1436c1b5168"},
    {file = "pygame_ce-2.5.7-cp311-cp311-macosx_10_11_universal2.whl", hash = "sha256:903eab0a59563fd0d134e502a11c9f144d21dc93ee1f5b4b4eec31f8745142b4"},
    {file = "pygame_ce-2.5.7-cp311-cp311-manylinux2014_aarch64.manylinux_2_17_aarch64.whl", hash = "sha256:ec2f2d8c95d1a5c9bfc9ffbae4c356fd71bcbc4fde70e59e3d050261bacfe908"},
    {file = "pygame_ce-2.5.7-cp311-cp311-manylinux2014_i686.manylinux_2_17_i686.whl", hash = "sha256:a980109b5aee984b78c884d607d4a406a92b63a8a7044180d0e2f8a26a7276a7"},
    {file = "pygame_ce-2.5.7-cp311-cp311-manylinux2014_x86_64.manylinux_2_17_x86_64.whl", hash = "sha256:d35105bf5a453ffb64333bc3be685f8c55cbc4695c05733a68849a92345dcb45"},
    {file = "pygame_ce-2.5.7-cp311-cp311-win32.whl", hash = "sha256:ecac266ccd459e354d693f2150a065fc695a6ffcdf15eaca06709620bb837fea"},
    {file = "pygame_ce-2.5.7-cp311-cp311-win_amd64.whl", hash = "sha256:5ca51a671b5b6cfd747399f54fa91259d4b01980f517c9e8043f5c3e795f06ac"},
    {file = "pygame_ce-2.5.7-cp311-cp311-win_arm64.whl", hash = "sha256:1f5a7e5d08f26dc8e4a899be502e6ef06ac5a2800a442750267141bca7703ba7"},
    {file = "pygame_ce-2.5.7-cp312-cp312-macosx_10_13_universal2.whl", hash = "sha256:dca2f8ba56bf3b4b8c73c4863d0603773403f4f66bc2fe25784ea74aee3fffc3"},
    {file = "pygame_ce-2.5.7-cp312-cp312-manylinux2014_aarch64.manylinux_2_17_aarch64.whl", hash = "sha256:4dc989462faf2c5947881f708fa406d7ac13c1bc987c1588d630ca62ad369989"},
    {file = "pygame_ce-2.5.7-cp312-cp312-manylinux2014_i686.manylinux_2_17_i686.whl", hash = "sha256:538689d77c44f5dbefc0abeab5b9806d6c90ebc6d64078736c8a4c731f08b37e"},
    {file = "pygame_ce-2.5.7-cp312-cp312-manylinux2014_x86_64.manylinux_2_17_x86_64.whl", hash = "sha256:0d8fa8822c0f4b5ae6b44ada7be9f2193fd512da1381c37fa3c5bda8971d64cb"},
    {file = "pygame_ce-2.5.7-cp312-cp312-win32.whl", hash = "sha256:604207c8813a594919bb7e6d3ed3834f79aa099d2d648e8a8fc3d786ad3fa1c8"},
    {file = "pygame_ce-2.5.7-cp312-cp312-win_amd64.whl", hash = "sha256:b6b7eec2779fac11ed265a18ab926b3829654120a5c9a07c36eeedeb012b8c3c"},
    {file = "pygame_ce-2.5.7-cp312-cp312-win_arm64.whl", hash = "sha256:eb99a8a7185057064163610b3ca3e1d3307f0eb3dfff6e19556fa5132c6bca87"},
    {file = "pygame_ce-2.5.7-cp313-cp313-macosx_10_13_universal2.whl", hash = "sha256:8766985d802017e150fcfb9adc659967d8548a961d491b8974f0748412cc0427"},
    {file = "pygame_ce-2.5.7-cp313-cp313-manylinux2014_aarch64.manylinux_2_17_aarch64.whl", hash = "sha256:58eabfc184dd28c682e5e6ccfce01224bb12653c6648babcd0bb9d9bd662d938"},
    {file = "pygame_ce-2.5.7-cp313-cp313-manylinux2014_i686.manylinux_2_17_i686.whl", hash = "sha256:92d5732cd512c8ec0b47e9a3e6c683fb811bdf2090362580778ce698222a64ab"},
    {file = "pygame_ce-2.5.7-cp313-cp313-manylinux2014_x86_64.manylinux_2_17_x86_64.whl", hash = "sha256:48e9a4ece43b08adc8ffb0bbbe0fe183eef4bb501a7d31552ae7398592ec0a82"},
    {file = "pygame_ce-2.5.7-cp313-cp313-win32.whl", hash = "sha256:f6439100bdee81da96f5acffb280f20511c93dd67178d8a8cf29d6cfd1aa46dd"},
    {file = "pygame_ce-2.5.7-cp313-cp313-win_amd64.whl", hash = "sha256:25047c97760fc640a6a8bbfdf3398c5825adfd55986a7523a65c95a1fb61d759"},
    {file = "pygame_ce-2.5.7-cp313-cp313-win_arm64.whl", hash = "sha256:f5a7197096ef82d588539f13b0f7ade767f800c7b0b015a94e386f488e1039f6"},
    {file = "pygame_ce-2.5.7-cp314-cp314-macosx_10_15_universal2.whl", hash = "sha256:addfbf7d119647eec157d611f463e5d572836fa74d0d222c59210294ed618b9d"},
    {file = "pygame_ce-2.5.7-cp314-cp314-manylinux2014_aarch64.manylinux_2_17_aarch64.whl", hash = "sha256:1c92feb289e34ac323a7b62b91d230a4e32b44059c4d7fb95631e504b1d9b365"},
    {file = "pygame_ce-2.5.7-cp314-cp314-manylinux2014_x86_64.manylinux_2_17_x86_64.whl", hash = "sha256:5c1ed4100311015cc67d24fe4e4d7c2f4cb25c34e043545061271c1d018c02d4"},
    {file = "pygame_ce-2.5.7-cp314-cp314-win32.whl", hash = "sha256:1b7e641af3aeac92bb7e4df1402d6802271f4bd09c747d2665f154ef9b07a4e6"},
    {file = "pygame_ce-2.5.7-cp314-cp314-win_amd64.whl", hash = "sha256:595f4257c15fed11cd816ae0bfabad3d99f8f04a000d7d164a22c0f9afd6cb65"},
    {file = "pygame_ce-2.5.7-cp314-cp314-win_arm64.whl", hash = "sha256:3e6ce74fd5a5f146f1bcf0224ae3e880c733917a9edbb53f790329d235520433"},
    {file = "pygame_ce-2.5.7-pp311-pypy311_pp73-macosx_10_15_universal2.whl", hash = "sha256:8718bc75cd4ec4bd2b0b4862e5c615b119a45038e4572c9030731db3c6740cfe"},
    {file = "pygame_ce-2.5.7-pp311-pypy311_pp73-manylinux2014_aarch64.manylinux_2_17_aarch64.whl", hash = "sha256:6e4289438b0b530bbfa6e2a9088a5b4a9dc0524b6d60989c846e2c74cd149f77"},
    {file = "pygame_ce-2.5.7-pp311-pypy311_pp73-manylinux2014_i686.manylinux_2_17_i686.whl", hash = "sha256:01c48daf8fccb66e8750d5d26bf20e3f0dc484a5f7748fa98fd7e2ac69a2f7f5"},
    {file = "pygame_ce-2.5.7-pp311-pypy311_pp73-manylinux2014_x86_64.manylinux_2_17_x86_64.whl", hash = "sha256:8ac7120a6c39c042abdc6bd2f5491f7121936c68c425235b52dc451ed9583dbf"},
    {file = "pygame_ce-2.5.7-pp311-pypy311_pp73-win_amd64.whl", hash = "sha256:d79c4f961ffa89183380c4284914ed2f693591baec7fb92e42f05857dd8664bd"},
    {file = "pygame_ce-2.5.7.tar.gz", hash = "sha256:86beb797cd73c141299a29b56f7df2b0543fbdc81d428022458329ff694aaa51"},
]

[metadata]
lock-version = "2.1"
python-versions = ">=3.14"
content-hash = "eb417fed1e328e46f4b13a8b8234b501b9ba73809028205b554ba380e8ebaac8"
